
Microsoft Visual Studio Solution File, Format Version 12.00
# Visual Studio Version 17
VisualStudioVersion = 17.7.34202.233
MinimumVisualStudioVersion = 10.0.40219.1
Project("{FAE04EC0-301F-11D3-BF4B-00C04F79EFBC}") = "WpfApp4", "WpfApp4\WpfApp4.csproj", "{355922DC-4586-49CC-9700-4D5C8089E24F}"
EndProject
Global
	GlobalSection(SolutionConfigurationPlatforms) = preSolution
		Debug|Any CPU = Debug|Any CPU
		Release|Any CPU = Release|Any CPU
	EndGlobalSection
	GlobalSection(ProjectConfigurationPlatforms) = postSolution
		{355922DC-4586-49CC-9700-4D5C8089E24F}.Debug|Any CPU.ActiveCfg = Debug|Any CPU
		{355922DC-4586-49CC-9700-4D5C8089E24F}.Debug|Any CPU.Build.0 = Debug|Any CPU
		{355922DC-4586-49CC-9700-4D5C8089E24F}.Release|Any CPU.ActiveCfg = Release|Any CPU
		{355922DC-4586-49CC-9700-4D5C8089E24F}.Release|Any CPU.Build.0 = Release|Any CPU
	EndGlobalSection
	GlobalSection(SolutionProperties) = preSolution
		HideSolutionNode = FALSE
	EndGlobalSection
	GlobalSection(ExtensibilityGlobals) = postSolution
		SolutionGuid = {1852E7A0-AB31-4733-8F64-2A069C275846}
	EndGlobalSection
EndGlobal
